
Microsoft Visual Studio Solution File, Format Version 12.00
# Visual Studio Version 16
VisualStudioVersion = 16.0.32630.194
MinimumVisualStudioVersion = 10.0.40219.1
Project("{FAE04EC0-301F-11D3-BF4B-00C04F79EFBC}") = "appProyVentas", "appProyVentas\appProyVentas.csproj", "{4CE3BD69-CE44-48D0-B5D4-E899023D611D}"
EndProject
Global
	GlobalSection(SolutionConfigurationPlatforms) = preSolution
		Debug|Any CPU = Debug|Any CPU
		Release|Any CPU = Release|Any CPU
	EndGlobalSection
	GlobalSection(ProjectConfigurationPlatforms) = postSolution
		{4CE3BD69-CE44-48D0-B5D4-E899023D611D}.Debug|Any CPU.ActiveCfg = Debug|Any CPU
		{4CE3BD69-CE44-48D0-B5D4-E899023D611D}.Debug|Any CPU.Build.0 = Debug|Any CPU
		{4CE3BD69-CE44-48D0-B5D4-E899023D611D}.Release|Any CPU.ActiveCfg = Release|Any CPU
		{4CE3BD69-CE44-48D0-B5D4-E899023D611D}.Release|Any CPU.Build.0 = Release|Any CPU
	EndGlobalSection
	GlobalSection(SolutionProperties) = preSolution
		HideSolutionNode = FALSE
	EndGlobalSection
	GlobalSection(ExtensibilityGlobals) = postSolution
		SolutionGuid = {9E72A38C-8D57-4791-90BA-5E1738957C44}
	EndGlobalSection
EndGlobal
